
Microsoft Visual Studio Solution File, Format Version 12.00
# Visual Studio 15
Project("{FAE04EC0-301F-11D3-BF4B-00C04F79EFBC}") = "DocMerg2", "DocMerg2\DocMerg2.csproj", "{0C3F315F-97CA-4F3A-BEA5-7B74E7FE267A}"
EndProject
Global
	GlobalSection(SolutionConfigurationPlatforms) = preSolution
		Debug|Any CPU = Debug|Any CPU
		Release|Any CPU = Release|Any CPU
	EndGlobalSection
	GlobalSection(ProjectConfigurationPlatforms) = postSolution
		{0C3F315F-97CA-4F3A-BEA5-7B74E7FE267A}.Debug|Any CPU.ActiveCfg = Debug|Any CPU
		{0C3F315F-97CA-4F3A-BEA5-7B74E7FE267A}.Debug|Any CPU.Build.0 = Debug|Any CPU
		{0C3F315F-97CA-4F3A-BEA5-7B74E7FE267A}.Release|Any CPU.ActiveCfg = Release|Any CPU
		{0C3F315F-97CA-4F3A-BEA5-7B74E7FE267A}.Release|Any CPU.Build.0 = Release|Any CPU
	EndGlobalSection
EndGlobal
